<Solution>
  <Folder Name="/src/">
    <Project Path="src/RTelemetry.Input/RTelemetry.Input.csproj" />
    <Project Path="src/RTelemetry.Contracts/RTelemetry.Contracts.csproj" />
    <Project Path="src/RTelemetry.Client/RTelemetry.Client.csproj" />
    <Project Path="src/RTelemetry.Maui/RTelemetry.Maui.csproj" />
    <Project Path="src/RTelemetry.Server/RTelemetry.Server.csproj" />
  </Folder>
  <Folder Name="/tests/">
    <Project Path="tests/RTelemetry.Input.Tests/RTelemetry.Input.Tests.csproj" />
    <Project Path="tests/RTelemetry.Server.Tests/RTelemetry.Server.Tests.csproj" />
    <Project Path="tests/RTelemetry.Client.Tests/RTelemetry.Client.Tests.csproj" />
  </Folder>
</Solution>
